
Microsoft Visual Studio Solution File, Format Version 12.00
# Visual Studio 2012
Project("{FAE04EC0-301F-11D3-BF4B-00C04F79EFBC}") = "PrudWeatherApi", "PrudWeatherApi\PrudWeatherApi.csproj", "{6BBF7B75-B22C-43DB-99AD-840EC9B0BEF1}"
EndProject
Project("{FAE04EC0-301F-11D3-BF4B-00C04F79EFBC}") = "Weather.Test", "Weather.Test\Weather.Test.csproj", "{A3BD8B28-6E26-4032-B5CE-E8901F05B388}"
EndProject
Global
	GlobalSection(SolutionConfigurationPlatforms) = preSolution
		Debug|Any CPU = Debug|Any CPU
		Release|Any CPU = Release|Any CPU
	EndGlobalSection
	GlobalSection(ProjectConfigurationPlatforms) = postSolution
		{6BBF7B75-B22C-43DB-99AD-840EC9B0BEF1}.Debug|Any CPU.ActiveCfg = Debug|Any CPU
		{6BBF7B75-B22C-43DB-99AD-840EC9B0BEF1}.Debug|Any CPU.Build.0 = Debug|Any CPU
		{6BBF7B75-B22C-43DB-99AD-840EC9B0BEF1}.Release|Any CPU.ActiveCfg = Release|Any CPU
		{6BBF7B75-B22C-43DB-99AD-840EC9B0BEF1}.Release|Any CPU.Build.0 = Release|Any CPU
		{A3BD8B28-6E26-4032-B5CE-E8901F05B388}.Debug|Any CPU.ActiveCfg = Debug|Any CPU
		{A3BD8B28-6E26-4032-B5CE-E8901F05B388}.Debug|Any CPU.Build.0 = Debug|Any CPU
		{A3BD8B28-6E26-4032-B5CE-E8901F05B388}.Release|Any CPU.ActiveCfg = Release|Any CPU
		{A3BD8B28-6E26-4032-B5CE-E8901F05B388}.Release|Any CPU.Build.0 = Release|Any CPU
	EndGlobalSection
	GlobalSection(SolutionProperties) = preSolution
		HideSolutionNode = FALSE
	EndGlobalSection
EndGlobal
